// !$*UTF8*$!
{
	archiveVersion = 1;
	classes = {
	};
	objectVersion = 50;
	objects = {

/* Begin PBXBuildFile section */
		8241B29D2565018E00B47F2C /* SceneDelegate.swift in Sources */ = {isa = PBXBuildFile; fileRef = 8241B29C2565018E00B47F2C /* SceneDelegate.swift */; };
		8241B2A42565019100B47F2C /* Assets.xcassets in Resources */ = {isa = PBXBuildFile; fileRef = 8241B2A32565019100B47F2C /* Assets.xcassets */; };
		8241B2A72565019100B47F2C /* LaunchScreen.storyboard in Resources */ = {isa = PBXBuildFile; fileRef = 8241B2A52565019100B47F2C /* LaunchScreen.storyboard */; };
		8241B2B8256504FD00B47F2C /* UserTableViewCell.xib in Resources */ = {isa = PBXBuildFile; fileRef = 8241B2AE256504FC00B47F2C /* UserTableViewCell.xib */; };
		8241B2B9256504FD00B47F2C /* UserTableViewCell.swift in Sources */ = {isa = PBXBuildFile; fileRef = 8241B2AF256504FC00B47F2C /* UserTableViewCell.swift */; };
		8241B2BA256504FD00B47F2C /* MainViewController.swift in Sources */ = {isa = PBXBuildFile; fileRef = 8241B2B0256504FC00B47F2C /* MainViewController.swift */; };
		8241B2BB256504FD00B47F2C /* CustomMovieController.swift in Sources */ = {isa = PBXBuildFile; fileRef = 8241B2B1256504FC00B47F2C /* CustomMovieController.swift */; };
		8241B2BC256504FD00B47F2C /* Main.storyboard in Resources */ = {isa = PBXBuildFile; fileRef = 8241B2B2256504FC00B47F2C /* Main.storyboard */; };
		8241B2BD256504FD00B47F2C /* ViewController.swift in Sources */ = {isa = PBXBuildFile; fileRef = 8241B2B3256504FC00B47F2C /* ViewController.swift */; };
		8241B2BE256504FD00B47F2C /* ClientTableViewCell.swift in Sources */ = {isa = PBXBuildFile; fileRef = 8241B2B4256504FC00B47F2C /* ClientTableViewCell.swift */; };
		8241B2BF256504FD00B47F2C /* MessagesViewController.swift in Sources */ = {isa = PBXBuildFile; fileRef = 8241B2B5256504FD00B47F2C /* MessagesViewController.swift */; };
		8241B2C0256504FD00B47F2C /* MessageTableViewCell.swift in Sources */ = {isa = PBXBuildFile; fileRef = 8241B2B6256504FD00B47F2C /* MessageTableViewCell.swift */; };
		8241B2C1256504FD00B47F2C /* ClientTableViewCell.xib in Resources */ = {isa = PBXBuildFile; fileRef = 8241B2B7256504FD00B47F2C /* ClientTableViewCell.xib */; };
		8241B2C22565066800B47F2C /* AppDelegate.swift in Sources */ = {isa = PBXBuildFile; fileRef = 8241B29A2565018E00B47F2C /* AppDelegate.swift */; };
/* End PBXBuildFile section */

/* Begin PBXFileReference section */
		8241B2972565018E00B47F2C /* ABC.app */ = {isa = PBXFileReference; explicitFileType = wrapper.application; includeInIndex = 0; path = ABC.app; sourceTree = BUILT_PRODUCTS_DIR; };
		8241B29A2565018E00B47F2C /* AppDelegate.swift */ = {isa = PBXFileReference; lastKnownFileType = sourcecode.swift; path = AppDelegate.swift; sourceTree = "<group>"; };
		8241B29C2565018E00B47F2C /* SceneDelegate.swift */ = {isa = PBXFileReference; lastKnownFileType = sourcecode.swift; path = SceneDelegate.swift; sourceTree = "<group>"; };
		8241B2A32565019100B47F2C /* Assets.xcassets */ = {isa = PBXFileReference; lastKnownFileType = folder.assetcatalog; path = Assets.xcassets; sourceTree = "<group>"; };
		8241B2A62565019100B47F2C /* Base */ = {isa = PBXFileReference; lastKnownFileType = file.storyboard; name = Base; path = Base.lproj/LaunchScreen.storyboard; sourceTree = "<group>"; };
		8241B2A82565019100B47F2C /* Info.plist */ = {isa = PBXFileReference; lastKnownFileType = text.plist.xml; path = Info.plist; sourceTree = "<group>"; };
		8241B2AE256504FC00B47F2C /* UserTableViewCell.xib */ = {isa = PBXFileReference; fileEncoding = 4; lastKnownFileType = file.xib; path = UserTableViewCell.xib; sourceTree = "<group>"; };
		8241B2AF256504FC00B47F2C /* UserTableViewCell.swift */ = {isa = PBXFileReference; fileEncoding = 4; lastKnownFileType = sourcecode.swift; path = UserTableViewCell.swift; sourceTree = "<group>"; };
		8241B2B0256504FC00B47F2C /* MainViewController.swift */ = {isa = PBXFileReference; fileEncoding = 4; lastKnownFileType = sourcecode.swift; path = MainViewController.swift; sourceTree = "<group>"; };
		8241B2B1256504FC00B47F2C /* CustomMovieController.swift */ = {isa = PBXFileReference; fileEncoding = 4; lastKnownFileType = sourcecode.swift; path = CustomMovieController.swift; sourceTree = "<group>"; };
		8241B2B2256504FC00B47F2C /* Main.storyboard */ = {isa = PBXFileReference; fileEncoding = 4; lastKnownFileType = file.storyboard; path = Main.storyboard; sourceTree = "<group>"; };
		8241B2B3256504FC00B47F2C /* ViewController.swift */ = {isa = PBXFileReference; fileEncoding = 4; lastKnownFileType = sourcecode.swift; path = ViewController.swift; sourceTree = "<group>"; };
		8241B2B4256504FC00B47F2C /* ClientTableViewCell.swift */ = {isa = PBXFileReference; fileEncoding = 4; lastKnownFileType = sourcecode.swift; path = ClientTableViewCell.swift; sourceTree = "<group>"; };
		8241B2B5256504FD00B47F2C /* MessagesViewController.swift */ = {isa = PBXFileReference; fileEncoding = 4; lastKnownFileType = sourcecode.swift; path = MessagesViewController.swift; sourceTree = "<group>"; };
		8241B2B6256504FD00B47F2C /* MessageTableViewCell.swift */ = {isa = PBXFileReference; fileEncoding = 4; lastKnownFileType = sourcecode.swift; path = MessageTableViewCell.swift; sourceTree = "<group>"; };
		8241B2B7256504FD00B47F2C /* ClientTableViewCell.xib */ = {isa = PBXFileReference; fileEncoding = 4; lastKnownFileType = file.xib; path = ClientTableViewCell.xib; sourceTree = "<group>"; };
/* End PBXFileReference section */

/* Begin PBXFrameworksBuildPhase section */
		8241B2942565018E00B47F2C /* Frameworks */ = {
			isa = PBXFrameworksBuildPhase;
			buildActionMask = 2147483647;
			files = (
			);
			runOnlyForDeploymentPostprocessing = 0;
		};
/* End PBXFrameworksBuildPhase section */

/* Begin PBXGroup section */
		8241B28E2565018E00B47F2C = {
			isa = PBXGroup;
			children = (
				8241B2992565018E00B47F2C /* ABC */,
				8241B2982565018E00B47F2C /* Products */,
			);
			sourceTree = "<group>";
		};
		8241B2982565018E00B47F2C /* Products */ = {
			isa = PBXGroup;
			children = (
				8241B2972565018E00B47F2C /* ABC.app */,
			);
			name = Products;
			sourceTree = "<group>";
		};
		8241B2992565018E00B47F2C /* ABC */ = {
			isa = PBXGroup;
			children = (
				8241B29A2565018E00B47F2C /* AppDelegate.swift */,
				8241B29C2565018E00B47F2C /* SceneDelegate.swift */,
				8241B2B4256504FC00B47F2C /* ClientTableViewCell.swift */,
				8241B2B7256504FD00B47F2C /* ClientTableViewCell.xib */,
				8241B2B1256504FC00B47F2C /* CustomMovieController.swift */,
				8241B2B2256504FC00B47F2C /* Main.storyboard */,
				8241B2B0256504FC00B47F2C /* MainViewController.swift */,
				8241B2B5256504FD00B47F2C /* MessagesViewController.swift */,
				8241B2B6256504FD00B47F2C /* MessageTableViewCell.swift */,
				8241B2AF256504FC00B47F2C /* UserTableViewCell.swift */,
				8241B2AE256504FC00B47F2C /* UserTableViewCell.xib */,
				8241B2B3256504FC00B47F2C /* ViewController.swift */,
				8241B2A32565019100B47F2C /* Assets.xcassets */,
				8241B2A52565019100B47F2C /* LaunchScreen.storyboard */,
				8241B2A82565019100B47F2C /* Info.plist */,
			);
			path = ABC;
			sourceTree = "<group>";
		};
/* End PBXGroup section */

/* Begin PBXNativeTarget section */
		8241B2962565018E00B47F2C /* ABC */ = {
			isa = PBXNativeTarget;
			buildConfigurationList = 8241B2AB2565019100B47F2C /* Build configuration list for PBXNativeTarget "ABC" */;
			buildPhases = (
				8241B2932565018E00B47F2C /* Sources */,
				8241B2942565018E00B47F2C /* Frameworks */,
				8241B2952565018E00B47F2C /* Resources */,
			);
			buildRules = (
			);
			dependencies = (
			);
			name = ABC;
			productName = ABC;
			productReference = 8241B2972565018E00B47F2C /* ABC.app */;
			productType = "com.apple.product-type.application";
		};
/* End PBXNativeTarget section */

/* Begin PBXProject section */
		8241B28F2565018E00B47F2C /* Project object */ = {
			isa = PBXProject;
			attributes = {
				LastSwiftUpdateCheck = 1150;
				LastUpgradeCheck = 1150;
				ORGANIZATIONNAME = "Cedric Bahirwe";
				TargetAttributes = {
					8241B2962565018E00B47F2C = {
						CreatedOnToolsVersion = 11.5;
					};
				};
			};
			buildConfigurationList = 8241B2922565018E00B47F2C /* Build configuration list for PBXProject "ABC" */;
			compatibilityVersion = "Xcode 9.3";
			developmentRegion = en;
			hasScannedForEncodings = 0;
			knownRegions = (
				en,
				Base,
			);
			mainGroup = 8241B28E2565018E00B47F2C;
			productRefGroup = 8241B2982565018E00B47F2C /* Products */;
			projectDirPath = "";
			projectRoot = "";
			targets = (
				8241B2962565018E00B47F2C /* ABC */,
			);
		};
/* End PBXProject section */

/* Begin PBXResourcesBuildPhase section */
		8241B2952565018E00B47F2C /* Resources */ = {
			isa = PBXResourcesBuildPhase;
			buildActionMask = 2147483647;
			files = (
				8241B2A72565019100B47F2C /* LaunchScreen.storyboard in Resources */,
				8241B2B8256504FD00B47F2C /* UserTableViewCell.xib in Resources */,
				8241B2C1256504FD00B47F2C /* ClientTableViewCell.xib in Resources */,
				8241B2A42565019100B47F2C /* Assets.xcassets in Resources */,
				8241B2BC256504FD00B47F2C /* Main.storyboard in Resources */,
			);
			runOnlyForDeploymentPostprocessing = 0;
		};
/* End PBXResourcesBuildPhase section */

/* Begin PBXSourcesBuildPhase section */
		8241B2932565018E00B47F2C /* Sources */ = {
			isa = PBXSourcesBuildPhase;
			buildActionMask = 2147483647;
			files = (
				8241B2BD256504FD00B47F2C /* ViewController.swift in Sources */,
				8241B2BB256504FD00B47F2C /* CustomMovieController.swift in Sources */,
				8241B2C0256504FD00B47F2C /* MessageTableViewCell.swift in Sources */,
				8241B2C22565066800B47F2C /* AppDelegate.swift in Sources */,
				8241B2BE256504FD00B47F2C /* ClientTableViewCell.swift in Sources */,
				8241B2B9256504FD00B47F2C /* UserTableViewCell.swift in Sources */,
				8241B29D2565018E00B47F2C /* SceneDelegate.swift in Sources */,
				8241B2BF256504FD00B47F2C /* MessagesViewController.swift in Sources */,
				8241B2BA256504FD00B47F2C /* MainViewController.swift in Sources */,
			);
			runOnlyForDeploymentPostprocessing = 0;
		};
/* End PBXSourcesBuildPhase section */

/* Begin PBXVariantGroup section */
		8241B2A52565019100B47F2C /* LaunchScreen.storyboard */ = {
			isa = PBXVariantGroup;
			children = (
				8241B2A62565019100B47F2C /* Base */,
			);
			name = LaunchScreen.storyboard;
			sourceTree = "<group>";
		};
/* End PBXVariantGroup section */

/* Begin XCBuildConfiguration section */
		8241B2A92565019100B47F2C /* Debug */ = {
			isa = XCBuildConfiguration;
			buildSettings = {
				ALWAYS_SEARCH_USER_PATHS = NO;
				CLANG_ANALYZER_NONNULL = YES;
				CLANG_ANALYZER_NUMBER_OBJECT_CONVERSION = YES_AGGRESSIVE;
				CLANG_CXX_LANGUAGE_STANDARD = "gnu++14";
				CLANG_CXX_LIBRARY = "libc++";
				CLANG_ENABLE_MODULES = YES;
				CLANG_ENABLE_OBJC_ARC = YES;
				CLANG_ENABLE_OBJC_WEAK = YES;
				CLANG_WARN_BLOCK_CAPTURE_AUTORELEASING = YES;
				CLANG_WARN_BOOL_CONVERSION = YES;
				CLANG_WARN_COMMA = YES;
				CLANG_WARN_CONSTANT_CONVERSION = YES;
				CLANG_WARN_DEPRECATED_OBJC_IMPLEMENTATIONS = YES;
				CLANG_WARN_DIRECT_OBJC_ISA_USAGE = YES_ERROR;
				CLANG_WARN_DOCUMENTATION_COMMENTS = YES;
				CLANG_WARN_EMPTY_BODY = YES;
				CLANG_WARN_ENUM_CONVERSION = YES;
				CLANG_WARN_INFINITE_RECURSION = YES;
				CLANG_WARN_INT_CONVERSION = YES;
				CLANG_WARN_NON_LITERAL_NULL_CONVERSION = YES;
				CLANG_WARN_OBJC_IMPLICIT_RETAIN_SELF = YES;
				CLANG_WARN_OBJC_LITERAL_CONVERSION = YES;
				CLANG_WARN_OBJC_ROOT_CLASS = YES_ERROR;
				CLANG_WARN_RANGE_LOOP_ANALYSIS = YES;
				CLANG_WARN_STRICT_PROTOTYPES = YES;
				CLANG_WARN_SUSPICIOUS_MOVE = YES;
				CLANG_WARN_UNGUARDED_AVAILABILITY = YES_AGGRESSIVE;
				CLANG_WARN_UNREACHABLE_CODE = YES;
				CLANG_WARN__DUPLICATE_METHOD_MATCH = YES;
				COPY_PHASE_STRIP = NO;
				DEBUG_INFORMATION_FORMAT = dwarf;
				ENABLE_STRICT_OBJC_MSGSEND = YES;
				ENABLE_TESTABILITY = YES;
				GCC_C_LANGUAGE_STANDARD = gnu11;
				GCC_DYNAMIC_NO_PIC = NO;
				GCC_NO_COMMON_BLOCKS = YES;
				GCC_OPTIMIZATION_LEVEL = 0;
				GCC_PREPROCESSOR_DEFINITIONS = (
					"DEBUG=1",
					"$(inherited)",
				);
				GCC_WARN_64_TO_32_BIT_CONVERSION = YES;
				GCC_WARN_ABOUT_RETURN_TYPE = YES_ERROR;
				GCC_WARN_UNDECLARED_SELECTOR = YES;
				GCC_WARN_UNINITIALIZED_AUTOS = YES_AGGRESSIVE;
				GCC_WARN_UNUSED_FUNCTION = YES;
				GCC_WARN_UNUSED_VARIABLE = YES;
				IPHONEOS_DEPLOYMENT_TARGET = 12.0;
				MTL_ENABLE_DEBUG_INFO = INCLUDE_SOURCE;
				MTL_FAST_MATH = YES;
				ONLY_ACTIVE_ARCH = YES;
				SDKROOT = iphoneos;
				SWIFT_ACTIVE_COMPILATION_CONDITIONS = DEBUG;
				SWIFT_OPTIMIZATION_LEVEL = "-Onone";
			};
			name = Debug;
		};
		8241B2AA2565019100B47F2C /* Release */ = {
			isa = XCBuildConfiguration;
			buildSettings = {
				ALWAYS_SEARCH_USER_PATHS = NO;
				CLANG_ANALYZER_NONNULL = YES;
				CLANG_ANALYZER_NUMBER_OBJECT_CONVERSION = YES_AGGRESSIVE;
				CLANG_CXX_LANGUAGE_STANDARD = "gnu++14";
				CLANG_CXX_LIBRARY = "libc++";
				CLANG_ENABLE_MODULES = YES;
				CLANG_ENABLE_OBJC_ARC = YES;
				CLANG_ENABLE_OBJC_WEAK = YES;
				CLANG_WARN_BLOCK_CAPTURE_AUTORELEASING = YES;
				CLANG_WARN_BOOL_CONVERSION = YES;
				CLANG_WARN_COMMA = YES;
				CLANG_WARN_CONSTANT_CONVERSION = YES;
				CLANG_WARN_DEPRECATED_OBJC_IMPLEMENTATIONS = YES;
				CLANG_WARN_DIRECT_OBJC_ISA_USAGE = YES_ERROR;
				CLANG_WARN_DOCUMENTATION_COMMENTS = YES;
				CLANG_WARN_EMPTY_BODY = YES;
				CLANG_WARN_ENUM_CONVERSION = YES;
				CLANG_WARN_INFINITE_RECURSION = YES;
				CLANG_WARN_INT_CONVERSION = YES;
				CLANG_WARN_NON_LITERAL_NULL_CONVERSION = YES;
				CLANG_WARN_OBJC_IMPLICIT_RETAIN_SELF = YES;
				CLANG_WARN_OBJC_LITERAL_CONVERSION = YES;
				CLANG_WARN_OBJC_ROOT_CLASS = YES_ERROR;
				CLANG_WARN_RANGE_LOOP_ANALYSIS = YES;
				CLANG_WARN_STRICT_PROTOTYPES = YES;
				CLANG_WARN_SUSPICIOUS_MOVE = YES;
				CLANG_WARN_UNGUARDED_AVAILABILITY = YES_AGGRESSIVE;
				CLANG_WARN_UNREACHABLE_CODE = YES;
				CLANG_WARN__DUPLICATE_METHOD_MATCH = YES;
				COPY_PHASE_STRIP = NO;
				DEBUG_INFORMATION_FORMAT = "dwarf-with-dsym";
				ENABLE_NS_ASSERTIONS = NO;
				ENABLE_STRICT_OBJC_MSGSEND = YES;
				GCC_C_LANGUAGE_STANDARD = gnu11;
				GCC_NO_COMMON_BLOCKS = YES;
				GCC_WARN_64_TO_32_BIT_CONVERSION = YES;
				GCC_WARN_ABOUT_RETURN_TYPE = YES_ERROR;
				GCC_WARN_UNDECLARED_SELECTOR = YES;
				GCC_WARN_UNINITIALIZED_AUTOS = YES_AGGRESSIVE;
				GCC_WARN_UNUSED_FUNCTION = YES;
				GCC_WARN_UNUSED_VARIABLE = YES;
				IPHONEOS_DEPLOYMENT_TARGET = 12.0;
				MTL_ENABLE_DEBUG_INFO = NO;
				MTL_FAST_MATH = YES;
				SDKROOT = iphoneos;
				SWIFT_COMPILATION_MODE = wholemodule;
				SWIFT_OPTIMIZATION_LEVEL = "-O";
				VALIDATE_PRODUCT = YES;
			};
			name = Release;
		};
		8241B2AC2565019100B47F2C /* Debug */ = {
			isa = XCBuildConfiguration;
			buildSettings = {
				ASSETCATALOG_COMPILER_APPICON_NAME = AppIcon;
				CODE_SIGN_STYLE = Automatic;
				DEVELOPMENT_TEAM = 6V9B6LUW22;
				INFOPLIST_FILE = ABC/Info.plist;
				LD_RUNPATH_SEARCH_PATHS = (
					"$(inherited)",
					"@executable_path/Frameworks",
				);
				PRODUCT_BUNDLE_IDENTIFIER = com.cedo.abc.ABC;
				PRODUCT_NAME = "$(TARGET_NAME)";
				SWIFT_VERSION = 5.0;
				TARGETED_DEVICE_FAMILY = "1,2";
			};
			name = Debug;
		};
		8241B2AD2565019100B47F2C /* Release */ = {
			isa = XCBuildConfiguration;
			buildSettings = {
				ASSETCATALOG_COMPILER_APPICON_NAME = AppIcon;
				CODE_SIGN_STYLE = Automatic;
				DEVELOPMENT_TEAM = 6V9B6LUW22;
				INFOPLIST_FILE = ABC/Info.plist;
				LD_RUNPATH_SEARCH_PATHS = (
					"$(inherited)",
					"@executable_path/Frameworks",
				);
				PRODUCT_BUNDLE_IDENTIFIER = com.cedo.abc.ABC;
				PRODUCT_NAME = "$(TARGET_NAME)";
				SWIFT_VERSION = 5.0;
				TARGETED_DEVICE_FAMILY = "1,2";
			};
			name = Release;
		};
/* End XCBuildConfiguration section */

/* Begin XCConfigurationList section */
		8241B2922565018E00B47F2C /* Build configuration list for PBXProject "ABC" */ = {
			isa = XCConfigurationList;
			buildConfigurations = (
				8241B2A92565019100B47F2C /* Debug */,
				8241B2AA2565019100B47F2C /* Release */,
			);
			defaultConfigurationIsVisible = 0;
			defaultConfigurationName = Release;
		};
		8241B2AB2565019100B47F2C /* Build configuration list for PBXNativeTarget "ABC" */ = {
			isa = XCConfigurationList;
			buildConfigurations = (
				8241B2AC2565019100B47F2C /* Debug */,
				8241B2AD2565019100B47F2C /* Release */,
			);
			defaultConfigurationIsVisible = 0;
			defaultConfigurationName = Release;
		};
/* End XCConfigurationList section */
	};
	rootObject = 8241B28F2565018E00B47F2C /* Project object */;
}
